{
    "name": "@checkout-sdk/custom",
    "version": "0.0.1",
    "lockfileVersion": 3,
    "requires": true,
    "packages": {
        "": {
            "name": "@checkout-sdk/custom",
            "version": "0.0.1",
            "devDependencies": {
                "@types/toastify-js": "^1.12.3"
            }
        },
        "node_modules/@types/toastify-js": {
            "version": "1.12.3",
            "resolved": "https://skipify.jfrog.io/artifactory/api/npm/npm/@types/toastify-js/-/toastify-js-1.12.3.tgz",
            "integrity": "sha512-9RjLlbAHMSaae/KZNHGv19VG4gcLIm3YjvacCXBtfMfYn26h76YP5oxXI8k26q4iKXCB9LNfv18lsoS0JnFPTg==",
            "dev": true
        }
    }
}
